
Microsoft Visual Studio Solution File, Format Version 12.00
# Visual Studio Version 17
VisualStudioVersion = 17.9.34728.123
MinimumVisualStudioVersion = 10.0.40219.1
Project("{FAE04EC0-301F-11D3-BF4B-00C04F79EFBC}") = "Maxim", "Maxim.csproj", "{D0B15A62-7095-475A-BEF2-40FF41A3B351}"
EndProject
Global
	GlobalSection(SolutionConfigurationPlatforms) = preSolution
		Debug|Any CPU = Debug|Any CPU
		Release|Any CPU = Release|Any CPU
	EndGlobalSection
	GlobalSection(ProjectConfigurationPlatforms) = postSolution
		{D0B15A62-7095-475A-BEF2-40FF41A3B351}.Debug|Any CPU.ActiveCfg = Debug|Any CPU
		{D0B15A62-7095-475A-BEF2-40FF41A3B351}.Debug|Any CPU.Build.0 = Debug|Any CPU
		{D0B15A62-7095-475A-BEF2-40FF41A3B351}.Release|Any CPU.ActiveCfg = Release|Any CPU
		{D0B15A62-7095-475A-BEF2-40FF41A3B351}.Release|Any CPU.Build.0 = Release|Any CPU
	EndGlobalSection
	GlobalSection(SolutionProperties) = preSolution
		HideSolutionNode = FALSE
	EndGlobalSection
	GlobalSection(ExtensibilityGlobals) = postSolution
		SolutionGuid = {84FF986F-FB1E-470A-AF53-6FB5EF1D944E}
	EndGlobalSection
EndGlobal
